
Microsoft Visual Studio Solution File, Format Version 12.00
# Visual Studio Version 16
VisualStudioVersion = 16.0.31105.61
MinimumVisualStudioVersion = 10.0.40219.1
Project("{FAE04EC0-301F-11D3-BF4B-00C04F79EFBC}") = "HatModPackageFixer", "HatModPackageFixer.csproj", "{E98C1C34-A3A7-4A9C-9A0A-D682628DB9B4}"
EndProject
Global
	GlobalSection(SolutionConfigurationPlatforms) = preSolution
		Debug|Any CPU = Debug|Any CPU
		Release|Any CPU = Release|Any CPU
	EndGlobalSection
	GlobalSection(ProjectConfigurationPlatforms) = postSolution
		{E98C1C34-A3A7-4A9C-9A0A-D682628DB9B4}.Debug|Any CPU.ActiveCfg = Debug|Any CPU
		{E98C1C34-A3A7-4A9C-9A0A-D682628DB9B4}.Debug|Any CPU.Build.0 = Debug|Any CPU
		{E98C1C34-A3A7-4A9C-9A0A-D682628DB9B4}.Release|Any CPU.ActiveCfg = Release|Any CPU
		{E98C1C34-A3A7-4A9C-9A0A-D682628DB9B4}.Release|Any CPU.Build.0 = Release|Any CPU
	EndGlobalSection
	GlobalSection(SolutionProperties) = preSolution
		HideSolutionNode = FALSE
	EndGlobalSection
	GlobalSection(ExtensibilityGlobals) = postSolution
		SolutionGuid = {ED54409E-1932-4958-AAB3-B8E7C2B058A0}
	EndGlobalSection
EndGlobal
